// !$*UTF8*$!
{
	archiveVersion = 1;
	classes = {
	};
	objectVersion = 51;
	objects = {

/* Begin PBXBuildFile section */
		1BAD54B36E80A37C36217256 /* Pods_FFTravis_FFTravisUITests.framework in Frameworks */ = {isa = PBXBuildFile; fileRef = 2EE2397EDFACD9EA87E10D5D /* Pods_FFTravis_FFTravisUITests.framework */; };
		8FCB1C66DDB4BB7708D0A24D /* Pods_FFTravisTests.framework in Frameworks */ = {isa = PBXBuildFile; fileRef = 36DA7F0A6BF85C5A81379CE6 /* Pods_FFTravisTests.framework */; };
		A0242F2FA9C9D9B9BE29F1E6 /* Pods_FFTravis.framework in Frameworks */ = {isa = PBXBuildFile; fileRef = 1ECCDF4C703685271C3635AA /* Pods_FFTravis.framework */; };
		A4AA8C0F241BFABE0013161C /* AppDelegate.m in Sources */ = {isa = PBXBuildFile; fileRef = A4AA8C0E241BFABE0013161C /* AppDelegate.m */; };
		A4AA8C12241BFABE0013161C /* SceneDelegate.m in Sources */ = {isa = PBXBuildFile; fileRef = A4AA8C11241BFABE0013161C /* SceneDelegate.m */; };
		A4AA8C15241BFABE0013161C /* ViewController.m in Sources */ = {isa = PBXBuildFile; fileRef = A4AA8C14241BFABE0013161C /* ViewController.m */; };
		A4AA8C18241BFABE0013161C /* Main.storyboard in Resources */ = {isa = PBXBuildFile; fileRef = A4AA8C16241BFABE0013161C /* Main.storyboard */; };
		A4AA8C1A241BFABF0013161C /* Assets.xcassets in Resources */ = {isa = PBXBuildFile; fileRef = A4AA8C19241BFABF0013161C /* Assets.xcassets */; };
		A4AA8C1D241BFABF0013161C /* LaunchScreen.storyboard in Resources */ = {isa = PBXBuildFile; fileRef = A4AA8C1B241BFABF0013161C /* LaunchScreen.storyboard */; };
		A4AA8C20241BFABF0013161C /* main.m in Sources */ = {isa = PBXBuildFile; fileRef = A4AA8C1F241BFABF0013161C /* main.m */; };
		A4AA8C2A241BFABF0013161C /* FFTravisTests.m in Sources */ = {isa = PBXBuildFile; fileRef = A4AA8C29241BFABF0013161C /* FFTravisTests.m */; };
		A4AA8C35241BFABF0013161C /* FFTravisUITests.m in Sources */ = {isa = PBXBuildFile; fileRef = A4AA8C34241BFABF0013161C /* FFTravisUITests.m */; };
/* End PBXBuildFile section */

/* Begin PBXContainerItemProxy section */
		A4AA8C26241BFABF0013161C /* PBXContainerItemProxy */ = {
			isa = PBXContainerItemProxy;
			containerPortal = A4AA8C02241BFABE0013161C /* Project object */;
			proxyType = 1;
			remoteGlobalIDString = A4AA8C09241BFABE0013161C;
			remoteInfo = FFTravis;
		};
		A4AA8C31241BFABF0013161C /* PBXContainerItemProxy */ = {
			isa = PBXContainerItemProxy;
			containerPortal = A4AA8C02241BFABE0013161C /* Project object */;
			proxyType = 1;
			remoteGlobalIDString = A4AA8C09241BFABE0013161C;
			remoteInfo = FFTravis;
		};
/* End PBXContainerItemProxy section */

/* Begin PBXFileReference section */
		0BA7F39C22B0B1F0DAFA6BD5 /* Pods-FFTravis.release.xcconfig */ = {isa = PBXFileReference; includeInIndex = 1; lastKnownFileType = text.xcconfig; name = "Pods-FFTravis.release.xcconfig"; path = "Target Support Files/Pods-FFTravis/Pods-FFTravis.release.xcconfig"; sourceTree = "<group>"; };
		1ECCDF4C703685271C3635AA /* Pods_FFTravis.framework */ = {isa = PBXFileReference; explicitFileType = wrapper.framework; includeInIndex = 0; path = Pods_FFTravis.framework; sourceTree = BUILT_PRODUCTS_DIR; };
		2EE2397EDFACD9EA87E10D5D /* Pods_FFTravis_FFTravisUITests.framework */ = {isa = PBXFileReference; explicitFileType = wrapper.framework; includeInIndex = 0; path = Pods_FFTravis_FFTravisUITests.framework; sourceTree = BUILT_PRODUCTS_DIR; };
		36DA7F0A6BF85C5A81379CE6 /* Pods_FFTravisTests.framework */ = {isa = PBXFileReference; explicitFileType = wrapper.framework; includeInIndex = 0; path = Pods_FFTravisTests.framework; sourceTree = BUILT_PRODUCTS_DIR; };
		6F3AC4D3213B27245250E0E9 /* Pods-FFTravis-FFTravisUITests.debug.xcconfig */ = {isa = PBXFileReference; includeInIndex = 1; lastKnownFileType = text.xcconfig; name = "Pods-FFTravis-FFTravisUITests.debug.xcconfig"; path = "Target Support Files/Pods-FFTravis-FFTravisUITests/Pods-FFTravis-FFTravisUITests.debug.xcconfig"; sourceTree = "<group>"; };
		8828DC642412DB9EBF45ED8D /* Pods-FFTravis-FFTravisUITests.release.xcconfig */ = {isa = PBXFileReference; includeInIndex = 1; lastKnownFileType = text.xcconfig; name = "Pods-FFTravis-FFTravisUITests.release.xcconfig"; path = "Target Support Files/Pods-FFTravis-FFTravisUITests/Pods-FFTravis-FFTravisUITests.release.xcconfig"; sourceTree = "<group>"; };
		8BFBD4577610489498202873 /* Pods-FFTravisTests.release.xcconfig */ = {isa = PBXFileReference; includeInIndex = 1; lastKnownFileType = text.xcconfig; name = "Pods-FFTravisTests.release.xcconfig"; path = "Target Support Files/Pods-FFTravisTests/Pods-FFTravisTests.release.xcconfig"; sourceTree = "<group>"; };
		A4AA8C0A241BFABE0013161C /* FFTravis.app */ = {isa = PBXFileReference; explicitFileType = wrapper.application; includeInIndex = 0; path = FFTravis.app; sourceTree = BUILT_PRODUCTS_DIR; };
		A4AA8C0D241BFABE0013161C /* AppDelegate.h */ = {isa = PBXFileReference; lastKnownFileType = sourcecode.c.h; path = AppDelegate.h; sourceTree = "<group>"; };
		A4AA8C0E241BFABE0013161C /* AppDelegate.m */ = {isa = PBXFileReference; lastKnownFileType = sourcecode.c.objc; path = AppDelegate.m; sourceTree = "<group>"; };
		A4AA8C10241BFABE0013161C /* SceneDelegate.h */ = {isa = PBXFileReference; lastKnownFileType = sourcecode.c.h; path = SceneDelegate.h; sourceTree = "<group>"; };
		A4AA8C11241BFABE0013161C /* SceneDelegate.m */ = {isa = PBXFileReference; lastKnownFileType = sourcecode.c.objc; path = SceneDelegate.m; sourceTree = "<group>"; };
		A4AA8C13241BFABE0013161C /* ViewController.h */ = {isa = PBXFileReference; lastKnownFileType = sourcecode.c.h; path = ViewController.h; sourceTree = "<group>"; };
		A4AA8C14241BFABE0013161C /* ViewController.m */ = {isa = PBXFileReference; lastKnownFileType = sourcecode.c.objc; path = ViewController.m; sourceTree = "<group>"; };
		A4AA8C17241BFABE0013161C /* Base */ = {isa = PBXFileReference; lastKnownFileType = file.storyboard; name = Base; path = Base.lproj/Main.storyboard; sourceTree = "<group>"; };
		A4AA8C19241BFABF0013161C /* Assets.xcassets */ = {isa = PBXFileReference; lastKnownFileType = folder.assetcatalog; path = Assets.xcassets; sourceTree = "<group>"; };
		A4AA8C1C241BFABF0013161C /* Base */ = {isa = PBXFileReference; lastKnownFileType = file.storyboard; name = Base; path = Base.lproj/LaunchScreen.storyboard; sourceTree = "<group>"; };
		A4AA8C1E241BFABF0013161C /* Info.plist */ = {isa = PBXFileReference; lastKnownFileType = text.plist.xml; path = Info.plist; sourceTree = "<group>"; };
		A4AA8C1F241BFABF0013161C /* main.m */ = {isa = PBXFileReference; lastKnownFileType = sourcecode.c.objc; path = main.m; sourceTree = "<group>"; };
		A4AA8C25241BFABF0013161C /* FFTravisTests.xctest */ = {isa = PBXFileReference; explicitFileType = wrapper.cfbundle; includeInIndex = 0; path = FFTravisTests.xctest; sourceTree = BUILT_PRODUCTS_DIR; };
		A4AA8C29241BFABF0013161C /* FFTravisTests.m */ = {isa = PBXFileReference; lastKnownFileType = sourcecode.c.objc; path = FFTravisTests.m; sourceTree = "<group>"; };
		A4AA8C2B241BFABF0013161C /* Info.plist */ = {isa = PBXFileReference; lastKnownFileType = text.plist.xml; path = Info.plist; sourceTree = "<group>"; };
		A4AA8C30241BFABF0013161C /* FFTravisUITests.xctest */ = {isa = PBXFileReference; explicitFileType = wrapper.cfbundle; includeInIndex = 0; path = FFTravisUITests.xctest; sourceTree = BUILT_PRODUCTS_DIR; };
		A4AA8C34241BFABF0013161C /* FFTravisUITests.m */ = {isa = PBXFileReference; lastKnownFileType = sourcecode.c.objc; path = FFTravisUITests.m; sourceTree = "<group>"; };
		A4AA8C36241BFABF0013161C /* Info.plist */ = {isa = PBXFileReference; lastKnownFileType = text.plist.xml; path = Info.plist; sourceTree = "<group>"; };
		AE21DE7BEA67ECB5B52B1ED2 /* Pods-FFTravis.debug.xcconfig */ = {isa = PBXFileReference; includeInIndex = 1; lastKnownFileType = text.xcconfig; name = "Pods-FFTravis.debug.xcconfig"; path = "Target Support Files/Pods-FFTravis/Pods-FFTravis.debug.xcconfig"; sourceTree = "<group>"; };
		EC3C73B489BA0EB6FE0006EF /* Pods-FFTravisTests.debug.xcconfig */ = {isa = PBXFileReference; includeInIndex = 1; lastKnownFileType = text.xcconfig; name = "Pods-FFTravisTests.debug.xcconfig"; path = "Target Support Files/Pods-FFTravisTests/Pods-FFTravisTests.debug.xcconfig"; sourceTree = "<group>"; };
/* End PBXFileReference section */

/* Begin PBXFrameworksBuildPhase section */
		A4AA8C07241BFABE0013161C /* Frameworks */ = {
			isa = PBXFrameworksBuildPhase;
			buildActionMask = 2147483647;
			files = (
				A0242F2FA9C9D9B9BE29F1E6 /* Pods_FFTravis.framework in Frameworks */,
			);
			runOnlyForDeploymentPostprocessing = 0;
		};
		A4AA8C22241BFABF0013161C /* Frameworks */ = {
			isa = PBXFrameworksBuildPhase;
			buildActionMask = 2147483647;
			files = (
				8FCB1C66DDB4BB7708D0A24D /* Pods_FFTravisTests.framework in Frameworks */,
			);
			runOnlyForDeploymentPostprocessing = 0;
		};
		A4AA8C2D241BFABF0013161C /* Frameworks */ = {
			isa = PBXFrameworksBuildPhase;
			buildActionMask = 2147483647;
			files = (
				1BAD54B36E80A37C36217256 /* Pods_FFTravis_FFTravisUITests.framework in Frameworks */,
			);
			runOnlyForDeploymentPostprocessing = 0;
		};
/* End PBXFrameworksBuildPhase section */

/* Begin PBXGroup section */
		47130865203C741F0A2F7E94 /* Frameworks */ = {
			isa = PBXGroup;
			children = (
				1ECCDF4C703685271C3635AA /* Pods_FFTravis.framework */,
				2EE2397EDFACD9EA87E10D5D /* Pods_FFTravis_FFTravisUITests.framework */,
				36DA7F0A6BF85C5A81379CE6 /* Pods_FFTravisTests.framework */,
			);
			name = Frameworks;
			sourceTree = "<group>";
		};
		A4AA8C01241BFABE0013161C = {
			isa = PBXGroup;
			children = (
				A4AA8C0C241BFABE0013161C /* FFTravis */,
				A4AA8C28241BFABF0013161C /* FFTravisTests */,
				A4AA8C33241BFABF0013161C /* FFTravisUITests */,
				A4AA8C0B241BFABE0013161C /* Products */,
				D840ED87C2EEBA665F6E7B54 /* Pods */,
				47130865203C741F0A2F7E94 /* Frameworks */,
			);
			sourceTree = "<group>";
		};
		A4AA8C0B241BFABE0013161C /* Products */ = {
			isa = PBXGroup;
			children = (
				A4AA8C0A241BFABE0013161C /* FFTravis.app */,
				A4AA8C25241BFABF0013161C /* FFTravisTests.xctest */,
				A4AA8C30241BFABF0013161C /* FFTravisUITests.xctest */,
			);
			name = Products;
			sourceTree = "<group>";
		};
		A4AA8C0C241BFABE0013161C /* FFTravis */ = {
			isa = PBXGroup;
			children = (
				A4AA8C0D241BFABE0013161C /* AppDelegate.h */,
				A4AA8C0E241BFABE0013161C /* AppDelegate.m */,
				A4AA8C10241BFABE0013161C /* SceneDelegate.h */,
				A4AA8C11241BFABE0013161C /* SceneDelegate.m */,
				A4AA8C13241BFABE0013161C /* ViewController.h */,
				A4AA8C14241BFABE0013161C /* ViewController.m */,
				A4AA8C16241BFABE0013161C /* Main.storyboard */,
				A4AA8C19241BFABF0013161C /* Assets.xcassets */,
				A4AA8C1B241BFABF0013161C /* LaunchScreen.storyboard */,
				A4AA8C1E241BFABF0013161C /* Info.plist */,
				A4AA8C1F241BFABF0013161C /* main.m */,
			);
			path = FFTravis;
			sourceTree = "<group>";
		};
		A4AA8C28241BFABF0013161C /* FFTravisTests */ = {
			isa = PBXGroup;
			children = (
				A4AA8C29241BFABF0013161C /* FFTravisTests.m */,
				A4AA8C2B241BFABF0013161C /* Info.plist */,
			);
			path = FFTravisTests;
			sourceTree = "<group>";
		};
		A4AA8C33241BFABF0013161C /* FFTravisUITests */ = {
			isa = PBXGroup;
			children = (
				A4AA8C34241BFABF0013161C /* FFTravisUITests.m */,
				A4AA8C36241BFABF0013161C /* Info.plist */,
			);
			path = FFTravisUITests;
			sourceTree = "<group>";
		};
		D840ED87C2EEBA665F6E7B54 /* Pods */ = {
			isa = PBXGroup;
			children = (
				AE21DE7BEA67ECB5B52B1ED2 /* Pods-FFTravis.debug.xcconfig */,
				0BA7F39C22B0B1F0DAFA6BD5 /* Pods-FFTravis.release.xcconfig */,
				6F3AC4D3213B27245250E0E9 /* Pods-FFTravis-FFTravisUITests.debug.xcconfig */,
				8828DC642412DB9EBF45ED8D /* Pods-FFTravis-FFTravisUITests.release.xcconfig */,
				EC3C73B489BA0EB6FE0006EF /* Pods-FFTravisTests.debug.xcconfig */,
				8BFBD4577610489498202873 /* Pods-FFTravisTests.release.xcconfig */,
			);
			path = Pods;
			sourceTree = "<group>";
		};
/* End PBXGroup section */

/* Begin PBXNativeTarget section */
		A4AA8C09241BFABE0013161C /* FFTravis */ = {
			isa = PBXNativeTarget;
			buildConfigurationList = A4AA8C39241BFABF0013161C /* Build configuration list for PBXNativeTarget "FFTravis" */;
			buildPhases = (
				EFE57E05D67A55BEAF769D54 /* [CP] Check Pods Manifest.lock */,
				A4AA8C06241BFABE0013161C /* Sources */,
				A4AA8C07241BFABE0013161C /* Frameworks */,
				A4AA8C08241BFABE0013161C /* Resources */,
				66DC12806A8A3B065655C707 /* [CP] Embed Pods Frameworks */,
			);
			buildRules = (
			);
			dependencies = (
			);
			name = FFTravis;
			productName = FFTravis;
			productReference = A4AA8C0A241BFABE0013161C /* FFTravis.app */;
			productType = "com.apple.product-type.application";
		};
		A4AA8C24241BFABF0013161C /* FFTravisTests */ = {
			isa = PBXNativeTarget;
			buildConfigurationList = A4AA8C3C241BFABF0013161C /* Build configuration list for PBXNativeTarget "FFTravisTests" */;
			buildPhases = (
				07F56E210F2EC4902C7C2316 /* [CP] Check Pods Manifest.lock */,
				A4AA8C21241BFABF0013161C /* Sources */,
				A4AA8C22241BFABF0013161C /* Frameworks */,
				A4AA8C23241BFABF0013161C /* Resources */,
			);
			buildRules = (
			);
			dependencies = (
				A4AA8C27241BFABF0013161C /* PBXTargetDependency */,
			);
			name = FFTravisTests;
			productName = FFTravisTests;
			productReference = A4AA8C25241BFABF0013161C /* FFTravisTests.xctest */;
			productType = "com.apple.product-type.bundle.unit-test";
		};
		A4AA8C2F241BFABF0013161C /* FFTravisUITests */ = {
			isa = PBXNativeTarget;
			buildConfigurationList = A4AA8C3F241BFABF0013161C /* Build configuration list for PBXNativeTarget "FFTravisUITests" */;
			buildPhases = (
				FDF7040CE74B42E0F3EBD904 /* [CP] Check Pods Manifest.lock */,
				A4AA8C2C241BFABF0013161C /* Sources */,
				A4AA8C2D241BFABF0013161C /* Frameworks */,
				A4AA8C2E241BFABF0013161C /* Resources */,
				DF013D7FB0C0CEF7BCFCC5BF /* [CP] Embed Pods Frameworks */,
			);
			buildRules = (
			);
			dependencies = (
				A4AA8C32241BFABF0013161C /* PBXTargetDependency */,
			);
			name = FFTravisUITests;
			productName = FFTravisUITests;
			productReference = A4AA8C30241BFABF0013161C /* FFTravisUITests.xctest */;
			productType = "com.apple.product-type.bundle.ui-testing";
		};
/* End PBXNativeTarget section */

/* Begin PBXProject section */
		A4AA8C02241BFABE0013161C /* Project object */ = {
			isa = PBXProject;
			attributes = {
				LastUpgradeCheck = 1130;
				ORGANIZATIONNAME = wenqi;
				TargetAttributes = {
					A4AA8C09241BFABE0013161C = {
						CreatedOnToolsVersion = 11.3.1;
					};
					A4AA8C24241BFABF0013161C = {
						CreatedOnToolsVersion = 11.3.1;
						TestTargetID = A4AA8C09241BFABE0013161C;
					};
					A4AA8C2F241BFABF0013161C = {
						CreatedOnToolsVersion = 11.3.1;
						TestTargetID = A4AA8C09241BFABE0013161C;
					};
				};
			};
			buildConfigurationList = A4AA8C05241BFABE0013161C /* Build configuration list for PBXProject "FFTravis" */;
			compatibilityVersion = "Xcode 9.3";
			developmentRegion = en;
			hasScannedForEncodings = 0;
			knownRegions = (
				en,
				Base,
			);
			mainGroup = A4AA8C01241BFABE0013161C;
			productRefGroup = A4AA8C0B241BFABE0013161C /* Products */;
			projectDirPath = "";
			projectRoot = "";
			targets = (
				A4AA8C09241BFABE0013161C /* FFTravis */,
				A4AA8C24241BFABF0013161C /* FFTravisTests */,
				A4AA8C2F241BFABF0013161C /* FFTravisUITests */,
			);
		};
/* End PBXProject section */

/* Begin PBXResourcesBuildPhase section */
		A4AA8C08241BFABE0013161C /* Resources */ = {
			isa = PBXResourcesBuildPhase;
			buildActionMask = 2147483647;
			files = (
				A4AA8C1D241BFABF0013161C /* LaunchScreen.storyboard in Resources */,
				A4AA8C1A241BFABF0013161C /* Assets.xcassets in Resources */,
				A4AA8C18241BFABE0013161C /* Main.storyboard in Resources */,
			);
			runOnlyForDeploymentPostprocessing = 0;
		};
		A4AA8C23241BFABF0013161C /* Resources */ = {
			isa = PBXResourcesBuildPhase;
			buildActionMask = 2147483647;
			files = (
			);
			runOnlyForDeploymentPostprocessing = 0;
		};
		A4AA8C2E241BFABF0013161C /* Resources */ = {
			isa = PBXResourcesBuildPhase;
			buildActionMask = 2147483647;
			files = (
			);
			runOnlyForDeploymentPostprocessing = 0;
		};
/* End PBXResourcesBuildPhase section */

/* Begin PBXShellScriptBuildPhase section */
		07F56E210F2EC4902C7C2316 /* [CP] Check Pods Manifest.lock */ = {
			isa = PBXShellScriptBuildPhase;
			buildActionMask = 2147483647;
			files = (
			);
			inputFileListPaths = (
			);
			inputPaths = (
				"${PODS_PODFILE_DIR_PATH}/Podfile.lock",
				"${PODS_ROOT}/Manifest.lock",
			);
			name = "[CP] Check Pods Manifest.lock";
			outputFileListPaths = (
			);
			outputPaths = (
				"$(DERIVED_FILE_DIR)/Pods-FFTravisTests-checkManifestLockResult.txt",
			);
			runOnlyForDeploymentPostprocessing = 0;
			shellPath = /bin/sh;
			shellScript = "diff \"${PODS_PODFILE_DIR_PATH}/Podfile.lock\" \"${PODS_ROOT}/Manifest.lock\" > /dev/null\nif [ $? != 0 ] ; then\n    # print error to STDERR\n    echo \"error: The sandbox is not in sync with the Podfile.lock. Run 'pod install' or update your CocoaPods installation.\" >&2\n    exit 1\nfi\n# This output is used by Xcode 'outputs' to avoid re-running this script phase.\necho \"SUCCESS\" > \"${SCRIPT_OUTPUT_FILE_0}\"\n";
			showEnvVarsInLog = 0;
		};
		66DC12806A8A3B065655C707 /* [CP] Embed Pods Frameworks */ = {
			isa = PBXShellScriptBuildPhase;
			buildActionMask = 2147483647;
			files = (
			);
			inputFileListPaths = (
				"${PODS_ROOT}/Target Support Files/Pods-FFTravis/Pods-FFTravis-frameworks-${CONFIGURATION}-input-files.xcfilelist",
			);
			name = "[CP] Embed Pods Frameworks";
			outputFileListPaths = (
				"${PODS_ROOT}/Target Support Files/Pods-FFTravis/Pods-FFTravis-frameworks-${CONFIGURATION}-output-files.xcfilelist",
			);
			runOnlyForDeploymentPostprocessing = 0;
			shellPath = /bin/sh;
			shellScript = "\"${PODS_ROOT}/Target Support Files/Pods-FFTravis/Pods-FFTravis-frameworks.sh\"\n";
			showEnvVarsInLog = 0;
		};
		DF013D7FB0C0CEF7BCFCC5BF /* [CP] Embed Pods Frameworks */ = {
			isa = PBXShellScriptBuildPhase;
			buildActionMask = 2147483647;
			files = (
			);
			inputFileListPaths = (
				"${PODS_ROOT}/Target Support Files/Pods-FFTravis-FFTravisUITests/Pods-FFTravis-FFTravisUITests-frameworks-${CONFIGURATION}-input-files.xcfilelist",
			);
			name = "[CP] Embed Pods Frameworks";
			outputFileListPaths = (
				"${PODS_ROOT}/Target Support Files/Pods-FFTravis-FFTravisUITests/Pods-FFTravis-FFTravisUITests-frameworks-${CONFIGURATION}-output-files.xcfilelist",
			);
			runOnlyForDeploymentPostprocessing = 0;
			shellPath = /bin/sh;
			shellScript = "\"${PODS_ROOT}/Target Support Files/Pods-FFTravis-FFTravisUITests/Pods-FFTravis-FFTravisUITests-frameworks.sh\"\n";
			showEnvVarsInLog = 0;
		};
		EFE57E05D67A55BEAF769D54 /* [CP] Check Pods Manifest.lock */ = {
			isa = PBXShellScriptBuildPhase;
			buildActionMask = 2147483647;
			files = (
			);
			inputFileListPaths = (
			);
			inputPaths = (
				"${PODS_PODFILE_DIR_PATH}/Podfile.lock",
				"${PODS_ROOT}/Manifest.lock",
			);
			name = "[CP] Check Pods Manifest.lock";
			outputFileListPaths = (
			);
			outputPaths = (
				"$(DERIVED_FILE_DIR)/Pods-FFTravis-checkManifestLockResult.txt",
			);
			runOnlyForDeploymentPostprocessing = 0;
			shellPath = /bin/sh;
			shellScript = "diff \"${PODS_PODFILE_DIR_PATH}/Podfile.lock\" \"${PODS_ROOT}/Manifest.lock\" > /dev/null\nif [ $? != 0 ] ; then\n    # print error to STDERR\n    echo \"error: The sandbox is not in sync with the Podfile.lock. Run 'pod install' or update your CocoaPods installation.\" >&2\n    exit 1\nfi\n# This output is used by Xcode 'outputs' to avoid re-running this script phase.\necho \"SUCCESS\" > \"${SCRIPT_OUTPUT_FILE_0}\"\n";
			showEnvVarsInLog = 0;
		};
		FDF7040CE74B42E0F3EBD904 /* [CP] Check Pods Manifest.lock */ = {
			isa = PBXShellScriptBuildPhase;
			buildActionMask = 2147483647;
			files = (
			);
			inputFileListPaths = (
			);
			inputPaths = (
				"${PODS_PODFILE_DIR_PATH}/Podfile.lock",
				"${PODS_ROOT}/Manifest.lock",
			);
			name = "[CP] Check Pods Manifest.lock";
			outputFileListPaths = (
			);
			outputPaths = (
				"$(DERIVED_FILE_DIR)/Pods-FFTravis-FFTravisUITests-checkManifestLockResult.txt",
			);
			runOnlyForDeploymentPostprocessing = 0;
			shellPath = /bin/sh;
			shellScript = "diff \"${PODS_PODFILE_DIR_PATH}/Podfile.lock\" \"${PODS_ROOT}/Manifest.lock\" > /dev/null\nif [ $? != 0 ] ; then\n    # print error to STDERR\n    echo \"error: The sandbox is not in sync with the Podfile.lock. Run 'pod install' or update your CocoaPods installation.\" >&2\n    exit 1\nfi\n# This output is used by Xcode 'outputs' to avoid re-running this script phase.\necho \"SUCCESS\" > \"${SCRIPT_OUTPUT_FILE_0}\"\n";
			showEnvVarsInLog = 0;
		};
/* End PBXShellScriptBuildPhase section */

/* Begin PBXSourcesBuildPhase section */
		A4AA8C06241BFABE0013161C /* Sources */ = {
			isa = PBXSourcesBuildPhase;
			buildActionMask = 2147483647;
			files = (
				A4AA8C15241BFABE0013161C /* ViewController.m in Sources */,
				A4AA8C0F241BFABE0013161C /* AppDelegate.m in Sources */,
				A4AA8C20241BFABF0013161C /* main.m in Sources */,
				A4AA8C12241BFABE0013161C /* SceneDelegate.m in Sources */,
			);
			runOnlyForDeploymentPostprocessing = 0;
		};
		A4AA8C21241BFABF0013161C /* Sources */ = {
			isa = PBXSourcesBuildPhase;
			buildActionMask = 2147483647;
			files = (
				A4AA8C2A241BFABF0013161C /* FFTravisTests.m in Sources */,
			);
			runOnlyForDeploymentPostprocessing = 0;
		};
		A4AA8C2C241BFABF0013161C /* Sources */ = {
			isa = PBXSourcesBuildPhase;
			buildActionMask = 2147483647;
			files = (
				A4AA8C35241BFABF0013161C /* FFTravisUITests.m in Sources */,
			);
			runOnlyForDeploymentPostprocessing = 0;
		};
/* End PBXSourcesBuildPhase section */

/* Begin PBXTargetDependency section */
		A4AA8C27241BFABF0013161C /* PBXTargetDependency */ = {
			isa = PBXTargetDependency;
			target = A4AA8C09241BFABE0013161C /* FFTravis */;
			targetProxy = A4AA8C26241BFABF0013161C /* PBXContainerItemProxy */;
		};
		A4AA8C32241BFABF0013161C /* PBXTargetDependency */ = {
			isa = PBXTargetDependency;
			target = A4AA8C09241BFABE0013161C /* FFTravis */;
			targetProxy = A4AA8C31241BFABF0013161C /* PBXContainerItemProxy */;
		};
/* End PBXTargetDependency section */

/* Begin PBXVariantGroup section */
		A4AA8C16241BFABE0013161C /* Main.storyboard */ = {
			isa = PBXVariantGroup;
			children = (
				A4AA8C17241BFABE0013161C /* Base */,
			);
			name = Main.storyboard;
			sourceTree = "<group>";
		};
		A4AA8C1B241BFABF0013161C /* LaunchScreen.storyboard */ = {
			isa = PBXVariantGroup;
			children = (
				A4AA8C1C241BFABF0013161C /* Base */,
			);
			name = LaunchScreen.storyboard;
			sourceTree = "<group>";
		};
/* End PBXVariantGroup section */

/* Begin XCBuildConfiguration section */
		A4AA8C37241BFABF0013161C /* Debug */ = {
			isa = XCBuildConfiguration;
			buildSettings = {
				ALWAYS_SEARCH_USER_PATHS = NO;
				CLANG_ANALYZER_NONNULL = YES;
				CLANG_ANALYZER_NUMBER_OBJECT_CONVERSION = YES_AGGRESSIVE;
				CLANG_CXX_LANGUAGE_STANDARD = "gnu++14";
				CLANG_CXX_LIBRARY = "libc++";
				CLANG_ENABLE_MODULES = YES;
				CLANG_ENABLE_OBJC_ARC = YES;
				CLANG_ENABLE_OBJC_WEAK = YES;
				CLANG_WARN_BLOCK_CAPTURE_AUTORELEASING = YES;
				CLANG_WARN_BOOL_CONVERSION = YES;
				CLANG_WARN_COMMA = YES;
				CLANG_WARN_CONSTANT_CONVERSION = YES;
				CLANG_WARN_DEPRECATED_OBJC_IMPLEMENTATIONS = YES;
				CLANG_WARN_DIRECT_OBJC_ISA_USAGE = YES_ERROR;
				CLANG_WARN_DOCUMENTATION_COMMENTS = YES;
				CLANG_WARN_EMPTY_BODY = YES;
				CLANG_WARN_ENUM_CONVERSION = YES;
				CLANG_WARN_INFINITE_RECURSION = YES;
				CLANG_WARN_INT_CONVERSION = YES;
				CLANG_WARN_NON_LITERAL_NULL_CONVERSION = YES;
				CLANG_WARN_OBJC_IMPLICIT_RETAIN_SELF = YES;
				CLANG_WARN_OBJC_LITERAL_CONVERSION = YES;
				CLANG_WARN_OBJC_ROOT_CLASS = YES_ERROR;
				CLANG_WARN_RANGE_LOOP_ANALYSIS = YES;
				CLANG_WARN_STRICT_PROTOTYPES = YES;
				CLANG_WARN_SUSPICIOUS_MOVE = YES;
				CLANG_WARN_UNGUARDED_AVAILABILITY = YES_AGGRESSIVE;
				CLANG_WARN_UNREACHABLE_CODE = YES;
				CLANG_WARN__DUPLICATE_METHOD_MATCH = YES;
				COPY_PHASE_STRIP = NO;
				DEBUG_INFORMATION_FORMAT = dwarf;
				ENABLE_STRICT_OBJC_MSGSEND = YES;
				ENABLE_TESTABILITY = YES;
				GCC_C_LANGUAGE_STANDARD = gnu11;
				GCC_DYNAMIC_NO_PIC = NO;
				GCC_NO_COMMON_BLOCKS = YES;
				GCC_OPTIMIZATION_LEVEL = 0;
				GCC_PREPROCESSOR_DEFINITIONS = (
					"DEBUG=1",
					"$(inherited)",
				);
				GCC_WARN_64_TO_32_BIT_CONVERSION = YES;
				GCC_WARN_ABOUT_RETURN_TYPE = YES_ERROR;
				GCC_WARN_UNDECLARED_SELECTOR = YES;
				GCC_WARN_UNINITIALIZED_AUTOS = YES_AGGRESSIVE;
				GCC_WARN_UNUSED_FUNCTION = YES;
				GCC_WARN_UNUSED_VARIABLE = YES;
				IPHONEOS_DEPLOYMENT_TARGET = 13.2;
				MTL_ENABLE_DEBUG_INFO = INCLUDE_SOURCE;
				MTL_FAST_MATH = YES;
				ONLY_ACTIVE_ARCH = YES;
				SDKROOT = iphoneos;
			};
			name = Debug;
		};
		A4AA8C38241BFABF0013161C /* Release */ = {
			isa = XCBuildConfiguration;
			buildSettings = {
				ALWAYS_SEARCH_USER_PATHS = NO;
				CLANG_ANALYZER_NONNULL = YES;
				CLANG_ANALYZER_NUMBER_OBJECT_CONVERSION = YES_AGGRESSIVE;
				CLANG_CXX_LANGUAGE_STANDARD = "gnu++14";
				CLANG_CXX_LIBRARY = "libc++";
				CLANG_ENABLE_MODULES = YES;
				CLANG_ENABLE_OBJC_ARC = YES;
				CLANG_ENABLE_OBJC_WEAK = YES;
				CLANG_WARN_BLOCK_CAPTURE_AUTORELEASING = YES;
				CLANG_WARN_BOOL_CONVERSION = YES;
				CLANG_WARN_COMMA = YES;
				CLANG_WARN_CONSTANT_CONVERSION = YES;
				CLANG_WARN_DEPRECATED_OBJC_IMPLEMENTATIONS = YES;
				CLANG_WARN_DIRECT_OBJC_ISA_USAGE = YES_ERROR;
				CLANG_WARN_DOCUMENTATION_COMMENTS = YES;
				CLANG_WARN_EMPTY_BODY = YES;
				CLANG_WARN_ENUM_CONVERSION = YES;
				CLANG_WARN_INFINITE_RECURSION = YES;
				CLANG_WARN_INT_CONVERSION = YES;
				CLANG_WARN_NON_LITERAL_NULL_CONVERSION = YES;
				CLANG_WARN_OBJC_IMPLICIT_RETAIN_SELF = YES;
				CLANG_WARN_OBJC_LITERAL_CONVERSION = YES;
				CLANG_WARN_OBJC_ROOT_CLASS = YES_ERROR;
				CLANG_WARN_RANGE_LOOP_ANALYSIS = YES;
				CLANG_WARN_STRICT_PROTOTYPES = YES;
				CLANG_WARN_SUSPICIOUS_MOVE = YES;
				CLANG_WARN_UNGUARDED_AVAILABILITY = YES_AGGRESSIVE;
				CLANG_WARN_UNREACHABLE_CODE = YES;
				CLANG_WARN__DUPLICATE_METHOD_MATCH = YES;
				COPY_PHASE_STRIP = NO;
				DEBUG_INFORMATION_FORMAT = "dwarf-with-dsym";
				ENABLE_NS_ASSERTIONS = NO;
				ENABLE_STRICT_OBJC_MSGSEND = YES;
				GCC_C_LANGUAGE_STANDARD = gnu11;
				GCC_NO_COMMON_BLOCKS = YES;
				GCC_WARN_64_TO_32_BIT_CONVERSION = YES;
				GCC_WARN_ABOUT_RETURN_TYPE = YES_ERROR;
				GCC_WARN_UNDECLARED_SELECTOR = YES;
				GCC_WARN_UNINITIALIZED_AUTOS = YES_AGGRESSIVE;
				GCC_WARN_UNUSED_FUNCTION = YES;
				GCC_WARN_UNUSED_VARIABLE = YES;
				IPHONEOS_DEPLOYMENT_TARGET = 13.2;
				MTL_ENABLE_DEBUG_INFO = NO;
				MTL_FAST_MATH = YES;
				SDKROOT = iphoneos;
				VALIDATE_PRODUCT = YES;
			};
			name = Release;
		};
		A4AA8C3A241BFABF0013161C /* Debug */ = {
			isa = XCBuildConfiguration;
			baseConfigurationReference = AE21DE7BEA67ECB5B52B1ED2 /* Pods-FFTravis.debug.xcconfig */;
			buildSettings = {
				ASSETCATALOG_COMPILER_APPICON_NAME = AppIcon;
				CODE_SIGN_STYLE = Automatic;
				DEVELOPMENT_TEAM = QWGZS87F5T;
				INFOPLIST_FILE = FFTravis/Info.plist;
				LD_RUNPATH_SEARCH_PATHS = (
					"$(inherited)",
					"@executable_path/Frameworks",
				);
				PRODUCT_BUNDLE_IDENTIFIER = com.ios.hht.hihub;
				PRODUCT_NAME = "$(TARGET_NAME)";
				TARGETED_DEVICE_FAMILY = "1,2";
			};
			name = Debug;
		};
		A4AA8C3B241BFABF0013161C /* Release */ = {
			isa = XCBuildConfiguration;
			baseConfigurationReference = 0BA7F39C22B0B1F0DAFA6BD5 /* Pods-FFTravis.release.xcconfig */;
			buildSettings = {
				ASSETCATALOG_COMPILER_APPICON_NAME = AppIcon;
				CODE_SIGN_STYLE = Automatic;
				DEVELOPMENT_TEAM = QWGZS87F5T;
				INFOPLIST_FILE = FFTravis/Info.plist;
				LD_RUNPATH_SEARCH_PATHS = (
					"$(inherited)",
					"@executable_path/Frameworks",
				);
				PRODUCT_BUNDLE_IDENTIFIER = com.ios.hht.hihub;
				PRODUCT_NAME = "$(TARGET_NAME)";
				TARGETED_DEVICE_FAMILY = "1,2";
			};
			name = Release;
		};
		A4AA8C3D241BFABF0013161C /* Debug */ = {
			isa = XCBuildConfiguration;
			baseConfigurationReference = EC3C73B489BA0EB6FE0006EF /* Pods-FFTravisTests.debug.xcconfig */;
			buildSettings = {
				BUNDLE_LOADER = "$(TEST_HOST)";
				CODE_SIGN_STYLE = Automatic;
				INFOPLIST_FILE = FFTravisTests/Info.plist;
				IPHONEOS_DEPLOYMENT_TARGET = 13.2;
				LD_RUNPATH_SEARCH_PATHS = (
					"$(inherited)",
					"@executable_path/Frameworks",
					"@loader_path/Frameworks",
				);
				PRODUCT_BUNDLE_IDENTIFIER = com.wenqi.FFTravisTests;
				PRODUCT_NAME = "$(TARGET_NAME)";
				TARGETED_DEVICE_FAMILY = "1,2";
				TEST_HOST = "$(BUILT_PRODUCTS_DIR)/FFTravis.app/FFTravis";
			};
			name = Debug;
		};
		A4AA8C3E241BFABF0013161C /* Release */ = {
			isa = XCBuildConfiguration;
			baseConfigurationReference = 8BFBD4577610489498202873 /* Pods-FFTravisTests.release.xcconfig */;
			buildSettings = {
				BUNDLE_LOADER = "$(TEST_HOST)";
				CODE_SIGN_STYLE = Automatic;
				INFOPLIST_FILE = FFTravisTests/Info.plist;
				IPHONEOS_DEPLOYMENT_TARGET = 13.2;
				LD_RUNPATH_SEARCH_PATHS = (
					"$(inherited)",
					"@executable_path/Frameworks",
					"@loader_path/Frameworks",
				);
				PRODUCT_BUNDLE_IDENTIFIER = com.wenqi.FFTravisTests;
				PRODUCT_NAME = "$(TARGET_NAME)";
				TARGETED_DEVICE_FAMILY = "1,2";
				TEST_HOST = "$(BUILT_PRODUCTS_DIR)/FFTravis.app/FFTravis";
			};
			name = Release;
		};
		A4AA8C40241BFABF0013161C /* Debug */ = {
			isa = XCBuildConfiguration;
			baseConfigurationReference = 6F3AC4D3213B27245250E0E9 /* Pods-FFTravis-FFTravisUITests.debug.xcconfig */;
			buildSettings = {
				CODE_SIGN_STYLE = Automatic;
				INFOPLIST_FILE = FFTravisUITests/Info.plist;
				LD_RUNPATH_SEARCH_PATHS = (
					"$(inherited)",
					"@executable_path/Frameworks",
					"@loader_path/Frameworks",
				);
				PRODUCT_BUNDLE_IDENTIFIER = com.wenqi.FFTravisUITests;
				PRODUCT_NAME = "$(TARGET_NAME)";
				TARGETED_DEVICE_FAMILY = "1,2";
				TEST_TARGET_NAME = FFTravis;
			};
			name = Debug;
		};
		A4AA8C41241BFABF0013161C /* Release */ = {
			isa = XCBuildConfiguration;
			baseConfigurationReference = 8828DC642412DB9EBF45ED8D /* Pods-FFTravis-FFTravisUITests.release.xcconfig */;
			buildSettings = {
				CODE_SIGN_STYLE = Automatic;
				INFOPLIST_FILE = FFTravisUITests/Info.plist;
				LD_RUNPATH_SEARCH_PATHS = (
					"$(inherited)",
					"@executable_path/Frameworks",
					"@loader_path/Frameworks",
				);
				PRODUCT_BUNDLE_IDENTIFIER = com.wenqi.FFTravisUITests;
				PRODUCT_NAME = "$(TARGET_NAME)";
				TARGETED_DEVICE_FAMILY = "1,2";
				TEST_TARGET_NAME = FFTravis;
			};
			name = Release;
		};
/* End XCBuildConfiguration section */

/* Begin XCConfigurationList section */
		A4AA8C05241BFABE0013161C /* Build configuration list for PBXProject "FFTravis" */ = {
			isa = XCConfigurationList;
			buildConfigurations = (
				A4AA8C37241BFABF0013161C /* Debug */,
				A4AA8C38241BFABF0013161C /* Release */,
			);
			defaultConfigurationIsVisible = 0;
			defaultConfigurationName = Release;
		};
		A4AA8C39241BFABF0013161C /* Build configuration list for PBXNativeTarget "FFTravis" */ = {
			isa = XCConfigurationList;
			buildConfigurations = (
				A4AA8C3A241BFABF0013161C /* Debug */,
				A4AA8C3B241BFABF0013161C /* Release */,
			);
			defaultConfigurationIsVisible = 0;
			defaultConfigurationName = Release;
		};
		A4AA8C3C241BFABF0013161C /* Build configuration list for PBXNativeTarget "FFTravisTests" */ = {
			isa = XCConfigurationList;
			buildConfigurations = (
				A4AA8C3D241BFABF0013161C /* Debug */,
				A4AA8C3E241BFABF0013161C /* Release */,
			);
			defaultConfigurationIsVisible = 0;
			defaultConfigurationName = Release;
		};
		A4AA8C3F241BFABF0013161C /* Build configuration list for PBXNativeTarget "FFTravisUITests" */ = {
			isa = XCConfigurationList;
			buildConfigurations = (
				A4AA8C40241BFABF0013161C /* Debug */,
				A4AA8C41241BFABF0013161C /* Release */,
			);
			defaultConfigurationIsVisible = 0;
			defaultConfigurationName = Release;
		};
/* End XCConfigurationList section */
	};
	rootObject = A4AA8C02241BFABE0013161C /* Project object */;
}
